
Microsoft Visual Studio Solution File, Format Version 11.00
# Visual Studio 2010
Project("{6989167D-11E4-40FE-8C1A-2192A86A7E90}") = "MSCK_1D_H2O", "MSCK_1D_H2O.vfproj", "{246A3D20-0378-4B4B-88FF-4AFD1022A2F3}"
EndProject
Global
	GlobalSection(SolutionConfigurationPlatforms) = preSolution
		Debug|Win32 = Debug|Win32
		Release|Win32 = Release|Win32
	EndGlobalSection
	GlobalSection(ProjectConfigurationPlatforms) = postSolution
		{246A3D20-0378-4B4B-88FF-4AFD1022A2F3}.Debug|Win32.ActiveCfg = Debug|Win32
		{246A3D20-0378-4B4B-88FF-4AFD1022A2F3}.Debug|Win32.Build.0 = Debug|Win32
		{246A3D20-0378-4B4B-88FF-4AFD1022A2F3}.Release|Win32.ActiveCfg = Release|Win32
		{246A3D20-0378-4B4B-88FF-4AFD1022A2F3}.Release|Win32.Build.0 = Release|Win32
	EndGlobalSection
	GlobalSection(SolutionProperties) = preSolution
		HideSolutionNode = FALSE
	EndGlobalSection
EndGlobal
